
Microsoft Visual Studio Solution File, Format Version 12.00
# Visual Studio Version 16
VisualStudioVersion = 16.0.30204.135
MinimumVisualStudioVersion = 10.0.40219.1
Project("{FAE04EC0-301F-11D3-BF4B-00C04F79EFBC}") = "WinFormsApp1", "WinFormsApp1\WinFormsApp1.csproj", "{2E64A486-2C4A-4245-8A68-B941FC027B98}"
EndProject
Project("{FAE04EC0-301F-11D3-BF4B-00C04F79EFBC}") = "ClockApp", "ClockApp\ClockApp.csproj", "{99B65895-2C92-4A85-A091-F65297DB79A5}"
EndProject
Global
	GlobalSection(SolutionConfigurationPlatforms) = preSolution
		Debug|Any CPU = Debug|Any CPU
		Release|Any CPU = Release|Any CPU
	EndGlobalSection
	GlobalSection(ProjectConfigurationPlatforms) = postSolution
		{2E64A486-2C4A-4245-8A68-B941FC027B98}.Debug|Any CPU.ActiveCfg = Debug|Any CPU
		{2E64A486-2C4A-4245-8A68-B941FC027B98}.Debug|Any CPU.Build.0 = Debug|Any CPU
		{2E64A486-2C4A-4245-8A68-B941FC027B98}.Release|Any CPU.ActiveCfg = Release|Any CPU
		{2E64A486-2C4A-4245-8A68-B941FC027B98}.Release|Any CPU.Build.0 = Release|Any CPU
		{99B65895-2C92-4A85-A091-F65297DB79A5}.Debug|Any CPU.ActiveCfg = Debug|Any CPU
		{99B65895-2C92-4A85-A091-F65297DB79A5}.Debug|Any CPU.Build.0 = Debug|Any CPU
		{99B65895-2C92-4A85-A091-F65297DB79A5}.Release|Any CPU.ActiveCfg = Release|Any CPU
		{99B65895-2C92-4A85-A091-F65297DB79A5}.Release|Any CPU.Build.0 = Release|Any CPU
	EndGlobalSection
	GlobalSection(SolutionProperties) = preSolution
		HideSolutionNode = FALSE
	EndGlobalSection
	GlobalSection(ExtensibilityGlobals) = postSolution
		SolutionGuid = {BEE19380-4CBC-4FB7-90D9-A24ECCBB30FE}
	EndGlobalSection
EndGlobal
